
Microsoft Visual Studio Solution File, Format Version 11.00
# Visual Studio 2010
Project("{159641D6-6404-4A2A-AE62-294DE0FE8301}") = "Hayes Export Students", "Hayes Export Students\Hayes Export Students.dtproj", "{53EA7054-B36B-4964-9803-A91E48D2E67F}"
EndProject
Global
	GlobalSection(SolutionConfigurationPlatforms) = preSolution
		Development|Default = Development|Default
	EndGlobalSection
	GlobalSection(ProjectConfigurationPlatforms) = postSolution
		{53EA7054-B36B-4964-9803-A91E48D2E67F}.Development|Default.ActiveCfg = Development
		{53EA7054-B36B-4964-9803-A91E48D2E67F}.Development|Default.Build.0 = Development
	EndGlobalSection
	GlobalSection(SolutionProperties) = preSolution
		HideSolutionNode = FALSE
	EndGlobalSection
EndGlobal
