
Microsoft Visual Studio Solution File, Format Version 11.00
# Visual Studio 2010
Project("{159641D6-6404-4A2A-AE62-294DE0FE8301}") = "Food Services WINSNAPI - Export", "Food Services WINSNAPI - Export\Food Services WINSNAPI - Export.dtproj", "{31AC278B-BA3E-4CEF-B837-D1A7D9496A40}"
EndProject
Global
	GlobalSection(SolutionConfigurationPlatforms) = preSolution
		Development|Default = Development|Default
	EndGlobalSection
	GlobalSection(ProjectConfigurationPlatforms) = postSolution
		{31AC278B-BA3E-4CEF-B837-D1A7D9496A40}.Development|Default.ActiveCfg = Development
		{31AC278B-BA3E-4CEF-B837-D1A7D9496A40}.Development|Default.Build.0 = Development
	EndGlobalSection
	GlobalSection(SolutionProperties) = preSolution
		HideSolutionNode = FALSE
	EndGlobalSection
EndGlobal
