
Microsoft Visual Studio Solution File, Format Version 11.00
# Visual Studio 2010
Project("{159641D6-6404-4A2A-AE62-294DE0FE8301}") = "Medicaid Export Students", "Medicaid Export Students\Medicaid Export Students.dtproj", "{8B608563-238C-4404-9FA8-75BD9D5957AE}"
EndProject
Global
	GlobalSection(SolutionConfigurationPlatforms) = preSolution
		Development|Default = Development|Default
	EndGlobalSection
	GlobalSection(ProjectConfigurationPlatforms) = postSolution
		{8B608563-238C-4404-9FA8-75BD9D5957AE}.Development|Default.ActiveCfg = Development
		{8B608563-238C-4404-9FA8-75BD9D5957AE}.Development|Default.Build.0 = Development
	EndGlobalSection
	GlobalSection(SolutionProperties) = preSolution
		HideSolutionNode = FALSE
	EndGlobalSection
EndGlobal
