
Microsoft Visual Studio Solution File, Format Version 11.00
# Visual Studio 2010
Project("{159641D6-6404-4A2A-AE62-294DE0FE8301}") = "Update ELL History", "Update ELL History\Update ELL History.dtproj", "{0D47722C-EEF0-475E-8D99-D4AB32C5AA35}"
EndProject
Global
	GlobalSection(SolutionConfigurationPlatforms) = preSolution
		Development|Default = Development|Default
	EndGlobalSection
	GlobalSection(ProjectConfigurationPlatforms) = postSolution
		{0D47722C-EEF0-475E-8D99-D4AB32C5AA35}.Development|Default.ActiveCfg = Development
		{0D47722C-EEF0-475E-8D99-D4AB32C5AA35}.Development|Default.Build.0 = Development
	EndGlobalSection
	GlobalSection(SolutionProperties) = preSolution
		HideSolutionNode = FALSE
	EndGlobalSection
EndGlobal
