
Microsoft Visual Studio Solution File, Format Version 12.00
# Visual Studio 14
VisualStudioVersion = 14.0.25420.1
MinimumVisualStudioVersion = 10.0.40219.1
Project("{159641D6-6404-4A2A-AE62-294DE0FE8301}") = "UPDATE BEP", "UPDATE BEP\UPDATE BEP.dtproj", "{E890F9A0-476F-4A25-AC2F-385B22E6E16F}"
EndProject
Global
	GlobalSection(SolutionConfigurationPlatforms) = preSolution
		Development|Default = Development|Default
	EndGlobalSection
	GlobalSection(ProjectConfigurationPlatforms) = postSolution
		{E890F9A0-476F-4A25-AC2F-385B22E6E16F}.Development|Default.ActiveCfg = Development
		{E890F9A0-476F-4A25-AC2F-385B22E6E16F}.Development|Default.Build.0 = Development
	EndGlobalSection
	GlobalSection(SolutionProperties) = preSolution
		HideSolutionNode = FALSE
	EndGlobalSection
EndGlobal
