
Microsoft Visual Studio Solution File, Format Version 12.00
# Visual Studio 14
VisualStudioVersion = 14.0.25420.1
MinimumVisualStudioVersion = 10.0.40219.1
Project("{159641D6-6404-4A2A-AE62-294DE0FE8301}") = "Update_Mismatch_Grade_Level", "Update_Mismatch_Grade_Level\Update_Mismatch_Grade_Level.dtproj", "{32E91EC3-5714-447C-8B9C-3F94817E508A}"
EndProject
Global
	GlobalSection(SolutionConfigurationPlatforms) = preSolution
		Development|Default = Development|Default
	EndGlobalSection
	GlobalSection(ProjectConfigurationPlatforms) = postSolution
		{32E91EC3-5714-447C-8B9C-3F94817E508A}.Development|Default.ActiveCfg = Development
		{32E91EC3-5714-447C-8B9C-3F94817E508A}.Development|Default.Build.0 = Development
	EndGlobalSection
	GlobalSection(SolutionProperties) = preSolution
		HideSolutionNode = FALSE
	EndGlobalSection
EndGlobal
