
Microsoft Visual Studio Solution File, Format Version 12.00
# Visual Studio 14
VisualStudioVersion = 14.0.25420.1
MinimumVisualStudioVersion = 10.0.40219.1
Project("{159641D6-6404-4A2A-AE62-294DE0FE8301}") = "LDAP SYNC", "LDAP SYNC\LDAP SYNC.dtproj", "{5ABE66C5-9F30-46CB-B7C4-30CFEC397A69}"
EndProject
Global
	GlobalSection(SolutionConfigurationPlatforms) = preSolution
		Development|Default = Development|Default
	EndGlobalSection
	GlobalSection(ProjectConfigurationPlatforms) = postSolution
		{5ABE66C5-9F30-46CB-B7C4-30CFEC397A69}.Development|Default.ActiveCfg = Development
		{5ABE66C5-9F30-46CB-B7C4-30CFEC397A69}.Development|Default.Build.0 = Development
	EndGlobalSection
	GlobalSection(SolutionProperties) = preSolution
		HideSolutionNode = FALSE
	EndGlobalSection
EndGlobal
