
Microsoft Visual Studio Solution File, Format Version 12.00
# Visual Studio 14
VisualStudioVersion = 14.0.25420.1
MinimumVisualStudioVersion = 10.0.40219.1
Project("{159641D6-6404-4A2A-AE62-294DE0FE8301}") = "CREATE ATTENDANCE TABLE", "CREATE ATTENDANCE TABLE\CREATE ATTENDANCE TABLE.dtproj", "{042061EF-96BA-4C0A-B7DA-0A5533CAD7C0}"
EndProject
Global
	GlobalSection(SolutionConfigurationPlatforms) = preSolution
		Development|Default = Development|Default
	EndGlobalSection
	GlobalSection(ProjectConfigurationPlatforms) = postSolution
		{042061EF-96BA-4C0A-B7DA-0A5533CAD7C0}.Development|Default.ActiveCfg = Development
		{042061EF-96BA-4C0A-B7DA-0A5533CAD7C0}.Development|Default.Build.0 = Development
	EndGlobalSection
	GlobalSection(SolutionProperties) = preSolution
		HideSolutionNode = FALSE
	EndGlobalSection
EndGlobal
