
Microsoft Visual Studio Solution File, Format Version 11.00
# Visual Studio 2010
Project("{159641D6-6404-4A2A-AE62-294DE0FE8301}") = "Shrink TempDB", "Shrink TempDB\Shrink TempDB.dtproj", "{D3D1ACAF-495F-45C1-815B-A2823CDE94EC}"
EndProject
Global
	GlobalSection(SolutionConfigurationPlatforms) = preSolution
		Development|Default = Development|Default
	EndGlobalSection
	GlobalSection(ProjectConfigurationPlatforms) = postSolution
		{D3D1ACAF-495F-45C1-815B-A2823CDE94EC}.Development|Default.ActiveCfg = Development
		{D3D1ACAF-495F-45C1-815B-A2823CDE94EC}.Development|Default.Build.0 = Development
	EndGlobalSection
	GlobalSection(SolutionProperties) = preSolution
		HideSolutionNode = FALSE
	EndGlobalSection
EndGlobal
