
Microsoft Visual Studio Solution File, Format Version 11.00
# Visual Studio 2010
Project("{159641D6-6404-4A2A-AE62-294DE0FE8301}") = "Tienet - Export - Gifted High School Kids", "Tienet - Export - Gifted High School Kids\Tienet - Export - Gifted High School Kids.dtproj", "{47828392-4789-41E7-9FE4-694EC812AC5E}"
EndProject
Global
	GlobalSection(SolutionConfigurationPlatforms) = preSolution
		Development|Default = Development|Default
	EndGlobalSection
	GlobalSection(ProjectConfigurationPlatforms) = postSolution
		{47828392-4789-41E7-9FE4-694EC812AC5E}.Development|Default.ActiveCfg = Development
		{47828392-4789-41E7-9FE4-694EC812AC5E}.Development|Default.Build.0 = Development
	EndGlobalSection
	GlobalSection(SolutionProperties) = preSolution
		HideSolutionNode = FALSE
	EndGlobalSection
EndGlobal
