
Microsoft Visual Studio Solution File, Format Version 11.00
# Visual Studio 2010
Project("{159641D6-6404-4A2A-AE62-294DE0FE8301}") = "Extended School Year SPED", "Extended School Year SPED\Extended School Year SPED.dtproj", "{66E5259E-0A79-4557-9C01-D3B0A0AF0583}"
EndProject
Global
	GlobalSection(SolutionConfigurationPlatforms) = preSolution
		Development|Default = Development|Default
	EndGlobalSection
	GlobalSection(ProjectConfigurationPlatforms) = postSolution
		{66E5259E-0A79-4557-9C01-D3B0A0AF0583}.Development|Default.ActiveCfg = Development
		{66E5259E-0A79-4557-9C01-D3B0A0AF0583}.Development|Default.Build.0 = Development
	EndGlobalSection
	GlobalSection(SolutionProperties) = preSolution
		HideSolutionNode = FALSE
	EndGlobalSection
EndGlobal
