
Microsoft Visual Studio Solution File, Format Version 12.00
# Visual Studio 14
VisualStudioVersion = 14.0.25420.1
MinimumVisualStudioVersion = 10.0.40219.1
Project("{159641D6-6404-4A2A-AE62-294DE0FE8301}") = "READ 180 REVISED", "READ 180 REVISED\READ 180 REVISED.dtproj", "{F77D409B-009E-41C8-BBFB-FD778DEA6EA5}"
EndProject
Global
	GlobalSection(SolutionConfigurationPlatforms) = preSolution
		Development|Default = Development|Default
	EndGlobalSection
	GlobalSection(ProjectConfigurationPlatforms) = postSolution
		{F77D409B-009E-41C8-BBFB-FD778DEA6EA5}.Development|Default.ActiveCfg = Development
		{F77D409B-009E-41C8-BBFB-FD778DEA6EA5}.Development|Default.Build.0 = Development
	EndGlobalSection
	GlobalSection(SolutionProperties) = preSolution
		HideSolutionNode = FALSE
	EndGlobalSection
EndGlobal
