
Microsoft Visual Studio Solution File, Format Version 12.00
# Visual Studio 14
VisualStudioVersion = 14.0.25420.1
MinimumVisualStudioVersion = 10.0.40219.1
Project("{159641D6-6404-4A2A-AE62-294DE0FE8301}") = "APS Import Mass  State ID Update", "APS Import Mass  State ID Update\APS Import Mass  State ID Update.dtproj", "{D1B6AEFA-4C72-433C-A1C3-78ED6FE9FF22}"
EndProject
Global
	GlobalSection(SolutionConfigurationPlatforms) = preSolution
		Development|Default = Development|Default
	EndGlobalSection
	GlobalSection(ProjectConfigurationPlatforms) = postSolution
		{D1B6AEFA-4C72-433C-A1C3-78ED6FE9FF22}.Development|Default.ActiveCfg = Development
		{D1B6AEFA-4C72-433C-A1C3-78ED6FE9FF22}.Development|Default.Build.0 = Development
	EndGlobalSection
	GlobalSection(SolutionProperties) = preSolution
		HideSolutionNode = FALSE
	EndGlobalSection
EndGlobal
