
Microsoft Visual Studio Solution File, Format Version 11.00
# Visual Studio 2010
Project("{159641D6-6404-4A2A-AE62-294DE0FE8301}") = "Delete Extra Tests", "Delete Extra Tests\Delete Extra Tests.dtproj", "{A688FC82-1072-405B-ADF7-C8498570D73F}"
EndProject
Global
	GlobalSection(SolutionConfigurationPlatforms) = preSolution
		Development|Default = Development|Default
	EndGlobalSection
	GlobalSection(ProjectConfigurationPlatforms) = postSolution
		{A688FC82-1072-405B-ADF7-C8498570D73F}.Development|Default.ActiveCfg = Development
		{A688FC82-1072-405B-ADF7-C8498570D73F}.Development|Default.Build.0 = Development
	EndGlobalSection
	GlobalSection(SolutionProperties) = preSolution
		HideSolutionNode = FALSE
	EndGlobalSection
EndGlobal
