
Microsoft Visual Studio Solution File, Format Version 11.00
# Visual Studio 2010
Project("{159641D6-6404-4A2A-AE62-294DE0FE8301}") = "SPED Enrollments", "SPED Enrollments\SPED Enrollments.dtproj", "{7B028638-B1DD-403F-B0EC-5D057E6DEACC}"
EndProject
Global
	GlobalSection(SolutionConfigurationPlatforms) = preSolution
		Development|Default = Development|Default
	EndGlobalSection
	GlobalSection(ProjectConfigurationPlatforms) = postSolution
		{7B028638-B1DD-403F-B0EC-5D057E6DEACC}.Development|Default.ActiveCfg = Development
		{7B028638-B1DD-403F-B0EC-5D057E6DEACC}.Development|Default.Build.0 = Development
	EndGlobalSection
	GlobalSection(SolutionProperties) = preSolution
		HideSolutionNode = FALSE
	EndGlobalSection
EndGlobal
