
Microsoft Visual Studio Solution File, Format Version 11.00
# Visual Studio 2010
Project("{159641D6-6404-4A2A-AE62-294DE0FE8301}") = "iReady Export", "iReady Export\iReady Export.dtproj", "{6A48A527-E6EE-4DAB-80EB-B0CFDF4C163A}"
EndProject
Global
	GlobalSection(SolutionConfigurationPlatforms) = preSolution
		Development|Default = Development|Default
	EndGlobalSection
	GlobalSection(ProjectConfigurationPlatforms) = postSolution
		{6A48A527-E6EE-4DAB-80EB-B0CFDF4C163A}.Development|Default.ActiveCfg = Development
		{6A48A527-E6EE-4DAB-80EB-B0CFDF4C163A}.Development|Default.Build.0 = Development
	EndGlobalSection
	GlobalSection(SolutionProperties) = preSolution
		HideSolutionNode = FALSE
	EndGlobalSection
EndGlobal
