
Microsoft Visual Studio Solution File, Format Version 11.00
# Visual Studio 2010
Project("{159641D6-6404-4A2A-AE62-294DE0FE8301}") = "Naviance Export", "Naviance Export\Naviance Export.dtproj", "{C59103E1-F3EF-49C0-A906-55572A65926B}"
EndProject
Global
	GlobalSection(SolutionConfigurationPlatforms) = preSolution
		Development|Default = Development|Default
	EndGlobalSection
	GlobalSection(ProjectConfigurationPlatforms) = postSolution
		{C59103E1-F3EF-49C0-A906-55572A65926B}.Development|Default.ActiveCfg = Development
		{C59103E1-F3EF-49C0-A906-55572A65926B}.Development|Default.Build.0 = Development
	EndGlobalSection
	GlobalSection(SolutionProperties) = preSolution
		HideSolutionNode = FALSE
	EndGlobalSection
EndGlobal
