
Microsoft Visual Studio Solution File, Format Version 11.00
# Visual Studio 2010
Project("{159641D6-6404-4A2A-AE62-294DE0FE8301}") = "DataDirector", "DataDirector\DataDirector.dtproj", "{59DA31A7-DADE-4310-8C26-471DFF793C5E}"
EndProject
Global
	GlobalSection(SolutionConfigurationPlatforms) = preSolution
		Development|Default = Development|Default
	EndGlobalSection
	GlobalSection(ProjectConfigurationPlatforms) = postSolution
		{59DA31A7-DADE-4310-8C26-471DFF793C5E}.Development|Default.ActiveCfg = Development
		{59DA31A7-DADE-4310-8C26-471DFF793C5E}.Development|Default.Build.0 = Development
	EndGlobalSection
	GlobalSection(SolutionProperties) = preSolution
		HideSolutionNode = FALSE
	EndGlobalSection
EndGlobal
