
Microsoft Visual Studio Solution File, Format Version 12.00
# Visual Studio 14
VisualStudioVersion = 14.0.25420.1
MinimumVisualStudioVersion = 10.0.40219.1
Project("{159641D6-6404-4A2A-AE62-294DE0FE8301}") = "Tienet _Gifted_MS_Students", "Tienet _Gifted_MS_Students\Tienet _Gifted_MS_Students.dtproj", "{57FF2E9D-79F7-4431-AAC9-14E3365D761C}"
EndProject
Global
	GlobalSection(SolutionConfigurationPlatforms) = preSolution
		Development|Default = Development|Default
	EndGlobalSection
	GlobalSection(ProjectConfigurationPlatforms) = postSolution
		{57FF2E9D-79F7-4431-AAC9-14E3365D761C}.Development|Default.ActiveCfg = Development
		{57FF2E9D-79F7-4431-AAC9-14E3365D761C}.Development|Default.Build.0 = Development
	EndGlobalSection
	GlobalSection(SolutionProperties) = preSolution
		HideSolutionNode = FALSE
	EndGlobalSection
EndGlobal
