
Microsoft Visual Studio Solution File, Format Version 12.00
# Visual Studio 14
VisualStudioVersion = 14.0.25420.1
MinimumVisualStudioVersion = 10.0.40219.1
Project("{159641D6-6404-4A2A-AE62-294DE0FE8301}") = "APSStudentsfor PED", "APSStudentsfor PED\APSStudentsfor PED.dtproj", "{ADBF134C-ACCE-45BE-BB77-E67316F813FA}"
EndProject
Global
	GlobalSection(SolutionConfigurationPlatforms) = preSolution
		Development|Default = Development|Default
	EndGlobalSection
	GlobalSection(ProjectConfigurationPlatforms) = postSolution
		{ADBF134C-ACCE-45BE-BB77-E67316F813FA}.Development|Default.ActiveCfg = Development
		{ADBF134C-ACCE-45BE-BB77-E67316F813FA}.Development|Default.Build.0 = Development
	EndGlobalSection
	GlobalSection(SolutionProperties) = preSolution
		HideSolutionNode = FALSE
	EndGlobalSection
EndGlobal
