
Microsoft Visual Studio Solution File, Format Version 11.00
# Visual Studio 2010
Project("{159641D6-6404-4A2A-AE62-294DE0FE8301}") = "Licensure Update", "Licensure Update\Licensure Update.dtproj", "{7668540B-067A-4F85-9FA9-AAF0194EE243}"
EndProject
Global
	GlobalSection(SolutionConfigurationPlatforms) = preSolution
		Development|Default = Development|Default
	EndGlobalSection
	GlobalSection(ProjectConfigurationPlatforms) = postSolution
		{7668540B-067A-4F85-9FA9-AAF0194EE243}.Development|Default.ActiveCfg = Development
		{7668540B-067A-4F85-9FA9-AAF0194EE243}.Development|Default.Build.0 = Development
	EndGlobalSection
	GlobalSection(SolutionProperties) = preSolution
		HideSolutionNode = FALSE
	EndGlobalSection
EndGlobal
