
Microsoft Visual Studio Solution File, Format Version 12.00
# Visual Studio 14
VisualStudioVersion = 14.0.25420.1
MinimumVisualStudioVersion = 10.0.40219.1
Project("{159641D6-6404-4A2A-AE62-294DE0FE8301}") = "School Calendar Days", "School Calendar Days\School Calendar Days.dtproj", "{4549B2B2-44CE-4D84-BF1B-CE655F45E430}"
EndProject
Global
	GlobalSection(SolutionConfigurationPlatforms) = preSolution
		Development|Default = Development|Default
	EndGlobalSection
	GlobalSection(ProjectConfigurationPlatforms) = postSolution
		{4549B2B2-44CE-4D84-BF1B-CE655F45E430}.Development|Default.ActiveCfg = Development
		{4549B2B2-44CE-4D84-BF1B-CE655F45E430}.Development|Default.Build.0 = Development
	EndGlobalSection
	GlobalSection(SolutionProperties) = preSolution
		HideSolutionNode = FALSE
	EndGlobalSection
EndGlobal
