
Microsoft Visual Studio Solution File, Format Version 12.00
# Visual Studio 14
VisualStudioVersion = 14.0.25420.1
MinimumVisualStudioVersion = 10.0.40219.1
Project("{159641D6-6404-4A2A-AE62-294DE0FE8301}") = "CREATE VERSIFIT ATTENDANCE TABLE", "CREATE VERSIFIT ATTENDANCE TABLE\CREATE VERSIFIT ATTENDANCE TABLE.dtproj", "{4C6E40A3-6ACB-4186-AEC3-8953951D5D1E}"
EndProject
Global
	GlobalSection(SolutionConfigurationPlatforms) = preSolution
		Development|Default = Development|Default
	EndGlobalSection
	GlobalSection(ProjectConfigurationPlatforms) = postSolution
		{4C6E40A3-6ACB-4186-AEC3-8953951D5D1E}.Development|Default.ActiveCfg = Development
		{4C6E40A3-6ACB-4186-AEC3-8953951D5D1E}.Development|Default.Build.0 = Development
	EndGlobalSection
	GlobalSection(SolutionProperties) = preSolution
		HideSolutionNode = FALSE
	EndGlobalSection
EndGlobal
