
Microsoft Visual Studio Solution File, Format Version 11.00
# Visual Studio 2010
Project("{159641D6-6404-4A2A-AE62-294DE0FE8301}") = "ST_MATH", "ST_MATH\ST_MATH.dtproj", "{2CDD0103-4160-4A74-A942-26EF26A439D8}"
EndProject
Global
	GlobalSection(SolutionConfigurationPlatforms) = preSolution
		Development|Default = Development|Default
	EndGlobalSection
	GlobalSection(ProjectConfigurationPlatforms) = postSolution
		{2CDD0103-4160-4A74-A942-26EF26A439D8}.Development|Default.ActiveCfg = Development
		{2CDD0103-4160-4A74-A942-26EF26A439D8}.Development|Default.Build.0 = Development
	EndGlobalSection
	GlobalSection(SolutionProperties) = preSolution
		HideSolutionNode = FALSE
	EndGlobalSection
EndGlobal
