
Microsoft Visual Studio Solution File, Format Version 12.00
# Visual Studio 14
VisualStudioVersion = 14.0.25420.1
MinimumVisualStudioVersion = 10.0.40219.1
Project("{159641D6-6404-4A2A-AE62-294DE0FE8301}") = "Hayes Export Staff", "Hayes Export Staff\Hayes Export Staff.dtproj", "{014F6DBA-2E5F-4AD3-AD14-46E8D8655DCC}"
EndProject
Global
	GlobalSection(SolutionConfigurationPlatforms) = preSolution
		Development|Default = Development|Default
	EndGlobalSection
	GlobalSection(ProjectConfigurationPlatforms) = postSolution
		{014F6DBA-2E5F-4AD3-AD14-46E8D8655DCC}.Development|Default.ActiveCfg = Development
		{014F6DBA-2E5F-4AD3-AD14-46E8D8655DCC}.Development|Default.Build.0 = Development
	EndGlobalSection
	GlobalSection(SolutionProperties) = preSolution
		HideSolutionNode = FALSE
	EndGlobalSection
EndGlobal
