
Microsoft Visual Studio Solution File, Format Version 12.00
# Visual Studio 14
VisualStudioVersion = 14.0.25420.1
MinimumVisualStudioVersion = 10.0.40219.1
Project("{159641D6-6404-4A2A-AE62-294DE0FE8301}") = "SPED REVIEW 360", "SPED REVIEW 360\SPED REVIEW 360.dtproj", "{6957A612-D73F-494A-9187-ED38D40C9A79}"
EndProject
Global
	GlobalSection(SolutionConfigurationPlatforms) = preSolution
		Development|Default = Development|Default
	EndGlobalSection
	GlobalSection(ProjectConfigurationPlatforms) = postSolution
		{6957A612-D73F-494A-9187-ED38D40C9A79}.Development|Default.ActiveCfg = Development
		{6957A612-D73F-494A-9187-ED38D40C9A79}.Development|Default.Build.0 = Development
	EndGlobalSection
	GlobalSection(SolutionProperties) = preSolution
		HideSolutionNode = FALSE
	EndGlobalSection
EndGlobal
