
Microsoft Visual Studio Solution File, Format Version 12.00
# Visual Studio 14
VisualStudioVersion = 14.0.25420.1
MinimumVisualStudioVersion = 10.0.40219.1
Project("{159641D6-6404-4A2A-AE62-294DE0FE8301}") = "SCHOOL PAY EXPORT REVISED", "SCHOOL PAY EXPORT REVISED\SCHOOL PAY EXPORT REVISED.dtproj", "{1BB4937E-B806-4A67-A046-3A86FA82E481}"
EndProject
Global
	GlobalSection(SolutionConfigurationPlatforms) = preSolution
		Development|Default = Development|Default
	EndGlobalSection
	GlobalSection(ProjectConfigurationPlatforms) = postSolution
		{1BB4937E-B806-4A67-A046-3A86FA82E481}.Development|Default.ActiveCfg = Development
		{1BB4937E-B806-4A67-A046-3A86FA82E481}.Development|Default.Build.0 = Development
	EndGlobalSection
	GlobalSection(SolutionProperties) = preSolution
		HideSolutionNode = FALSE
	EndGlobalSection
EndGlobal
