
Microsoft Visual Studio Solution File, Format Version 11.00
# Visual Studio 2010
Project("{159641D6-6404-4A2A-AE62-294DE0FE8301}") = "Synergy LDAP", "Synergy LDAP\Synergy LDAP.dtproj", "{C3719374-6286-44C0-98AF-9D1B66B19F6A}"
EndProject
Global
	GlobalSection(SolutionConfigurationPlatforms) = preSolution
		Development|Default = Development|Default
	EndGlobalSection
	GlobalSection(ProjectConfigurationPlatforms) = postSolution
		{C3719374-6286-44C0-98AF-9D1B66B19F6A}.Development|Default.ActiveCfg = Development
		{C3719374-6286-44C0-98AF-9D1B66B19F6A}.Development|Default.Build.0 = Development
	EndGlobalSection
	GlobalSection(SolutionProperties) = preSolution
		HideSolutionNode = FALSE
	EndGlobalSection
EndGlobal
