
Microsoft Visual Studio Solution File, Format Version 11.00
# Visual Studio 2010
Project("{159641D6-6404-4A2A-AE62-294DE0FE8301}") = "Read180", "Read180\Read180.dtproj", "{3BACD49B-84A7-4B1D-9176-0ACED7AB0086}"
EndProject
Global
	GlobalSection(SolutionConfigurationPlatforms) = preSolution
		Development|Default = Development|Default
	EndGlobalSection
	GlobalSection(ProjectConfigurationPlatforms) = postSolution
		{3BACD49B-84A7-4B1D-9176-0ACED7AB0086}.Development|Default.ActiveCfg = Development
		{3BACD49B-84A7-4B1D-9176-0ACED7AB0086}.Development|Default.Build.0 = Development
	EndGlobalSection
	GlobalSection(SolutionProperties) = preSolution
		HideSolutionNode = FALSE
	EndGlobalSection
EndGlobal
