
Microsoft Visual Studio Solution File, Format Version 11.00
# Visual Studio 2010
Project("{159641D6-6404-4A2A-AE62-294DE0FE8301}") = "Hayes - Export - Student Staff", "Hayes - Export - Student Staff\Hayes - Export - Student Staff.dtproj", "{4C0C5A98-566F-4972-8A23-C2AB09813A39}"
EndProject
Global
	GlobalSection(SolutionConfigurationPlatforms) = preSolution
		Development|Default = Development|Default
	EndGlobalSection
	GlobalSection(ProjectConfigurationPlatforms) = postSolution
		{4C0C5A98-566F-4972-8A23-C2AB09813A39}.Development|Default.ActiveCfg = Development
		{4C0C5A98-566F-4972-8A23-C2AB09813A39}.Development|Default.Build.0 = Development
	EndGlobalSection
	GlobalSection(SolutionProperties) = preSolution
		HideSolutionNode = FALSE
	EndGlobalSection
EndGlobal
