
Microsoft Visual Studio Solution File, Format Version 11.00
# Visual Studio 2010
Project("{159641D6-6404-4A2A-AE62-294DE0FE8301}") = "Update ELL History", "Udate ELL History\Update ELL History.dtproj", "{AB95D5A5-747E-41F8-9BCE-1CE387019DEE}"
EndProject
Global
	GlobalSection(SolutionConfigurationPlatforms) = preSolution
		Development|Default = Development|Default
	EndGlobalSection
	GlobalSection(ProjectConfigurationPlatforms) = postSolution
		{AB95D5A5-747E-41F8-9BCE-1CE387019DEE}.Development|Default.ActiveCfg = Development
		{AB95D5A5-747E-41F8-9BCE-1CE387019DEE}.Development|Default.Build.0 = Development
	EndGlobalSection
	GlobalSection(SolutionProperties) = preSolution
		HideSolutionNode = FALSE
	EndGlobalSection
EndGlobal
