
Microsoft Visual Studio Solution File, Format Version 12.00
# Visual Studio 14
VisualStudioVersion = 14.0.25420.1
MinimumVisualStudioVersion = 10.0.40219.1
Project("{159641D6-6404-4A2A-AE62-294DE0FE8301}") = "Mismatch Sections", "Mismatch Sections\Mismatch Sections.dtproj", "{80F36F8C-6E35-41E9-823B-28F0ADBC98C9}"
EndProject
Global
	GlobalSection(SolutionConfigurationPlatforms) = preSolution
		Development|Default = Development|Default
	EndGlobalSection
	GlobalSection(ProjectConfigurationPlatforms) = postSolution
		{80F36F8C-6E35-41E9-823B-28F0ADBC98C9}.Development|Default.ActiveCfg = Development
		{80F36F8C-6E35-41E9-823B-28F0ADBC98C9}.Development|Default.Build.0 = Development
	EndGlobalSection
	GlobalSection(SolutionProperties) = preSolution
		HideSolutionNode = FALSE
	EndGlobalSection
EndGlobal
