
Microsoft Visual Studio Solution File, Format Version 11.00
# Visual Studio 2010
Project("{159641D6-6404-4A2A-AE62-294DE0FE8301}") = "FIXCREDITS", "FIXCREDITS\FIXCREDITS.dtproj", "{732082B6-4DFB-4C25-B654-1139C99F1E3F}"
EndProject
Global
	GlobalSection(SolutionConfigurationPlatforms) = preSolution
		Development|Default = Development|Default
	EndGlobalSection
	GlobalSection(ProjectConfigurationPlatforms) = postSolution
		{732082B6-4DFB-4C25-B654-1139C99F1E3F}.Development|Default.ActiveCfg = Development
		{732082B6-4DFB-4C25-B654-1139C99F1E3F}.Development|Default.Build.0 = Development
	EndGlobalSection
	GlobalSection(SolutionProperties) = preSolution
		HideSolutionNode = FALSE
	EndGlobalSection
EndGlobal
