
Microsoft Visual Studio Solution File, Format Version 11.00
# Visual Studio 2010
Project("{159641D6-6404-4A2A-AE62-294DE0FE8301}") = "Lawson Sync", "Lawson Sync\Lawson Sync.dtproj", "{D5481FB5-60FB-4BBE-A1DA-C38D4050B68E}"
EndProject
Global
	GlobalSection(SolutionConfigurationPlatforms) = preSolution
		Development|Default = Development|Default
	EndGlobalSection
	GlobalSection(ProjectConfigurationPlatforms) = postSolution
		{D5481FB5-60FB-4BBE-A1DA-C38D4050B68E}.Development|Default.ActiveCfg = Development
		{D5481FB5-60FB-4BBE-A1DA-C38D4050B68E}.Development|Default.Build.0 = Development
	EndGlobalSection
	GlobalSection(SolutionProperties) = preSolution
		HideSolutionNode = FALSE
	EndGlobalSection
EndGlobal
