
Microsoft Visual Studio Solution File, Format Version 11.00
# Visual Studio 2010
Project("{159641D6-6404-4A2A-AE62-294DE0FE8301}") = "Edgenuity_Exports", "Edgenuity_Student_Export\Edgenuity_Exports.dtproj", "{AE489E0E-055A-481D-8018-776A6FEC4C08}"
EndProject
Global
	GlobalSection(SolutionConfigurationPlatforms) = preSolution
		Development|Default = Development|Default
	EndGlobalSection
	GlobalSection(ProjectConfigurationPlatforms) = postSolution
		{AE489E0E-055A-481D-8018-776A6FEC4C08}.Development|Default.ActiveCfg = Development
		{AE489E0E-055A-481D-8018-776A6FEC4C08}.Development|Default.Build.0 = Development
	EndGlobalSection
	GlobalSection(SolutionProperties) = preSolution
		HideSolutionNode = FALSE
	EndGlobalSection
EndGlobal
