
Microsoft Visual Studio Solution File, Format Version 12.00
# Visual Studio 14
VisualStudioVersion = 14.0.25420.1
MinimumVisualStudioVersion = 10.0.40219.1
Project("{159641D6-6404-4A2A-AE62-294DE0FE8301}") = "FOOD SERVICES IMPORT", "FOOD SERVICES IMPORT\FOOD SERVICES IMPORT.dtproj", "{641D16A5-C2E2-443D-935A-E2038ED6E419}"
EndProject
Global
	GlobalSection(SolutionConfigurationPlatforms) = preSolution
		Development|Default = Development|Default
	EndGlobalSection
	GlobalSection(ProjectConfigurationPlatforms) = postSolution
		{641D16A5-C2E2-443D-935A-E2038ED6E419}.Development|Default.ActiveCfg = Development
		{641D16A5-C2E2-443D-935A-E2038ED6E419}.Development|Default.Build.0 = Development
	EndGlobalSection
	GlobalSection(SolutionProperties) = preSolution
		HideSolutionNode = FALSE
	EndGlobalSection
EndGlobal
