
Microsoft Visual Studio Solution File, Format Version 12.00
# Visual Studio 14
VisualStudioVersion = 14.0.25420.1
MinimumVisualStudioVersion = 10.0.40219.1
Project("{159641D6-6404-4A2A-AE62-294DE0FE8301}") = "HAYES TIPBWEB - IMPORT", "HAYES TIPBWEB - IMPORT\HAYES TIPBWEB - IMPORT.dtproj", "{0730C30D-0D1A-4344-B736-D3199A68AC40}"
EndProject
Global
	GlobalSection(SolutionConfigurationPlatforms) = preSolution
		Development|Default = Development|Default
	EndGlobalSection
	GlobalSection(ProjectConfigurationPlatforms) = postSolution
		{0730C30D-0D1A-4344-B736-D3199A68AC40}.Development|Default.ActiveCfg = Development
		{0730C30D-0D1A-4344-B736-D3199A68AC40}.Development|Default.Build.0 = Development
	EndGlobalSection
	GlobalSection(SolutionProperties) = preSolution
		HideSolutionNode = FALSE
	EndGlobalSection
EndGlobal
