
Microsoft Visual Studio Solution File, Format Version 11.00
# Visual Studio 2010
Project("{159641D6-6404-4A2A-AE62-294DE0FE8301}") = "496 Demographics", "496 Demographics\496 Demographics.dtproj", "{276E4B2B-454E-4A7B-8651-DF98299D97D0}"
EndProject
Global
	GlobalSection(SolutionConfigurationPlatforms) = preSolution
		Development|Default = Development|Default
	EndGlobalSection
	GlobalSection(ProjectConfigurationPlatforms) = postSolution
		{276E4B2B-454E-4A7B-8651-DF98299D97D0}.Development|Default.ActiveCfg = Development
		{276E4B2B-454E-4A7B-8651-DF98299D97D0}.Development|Default.Build.0 = Development
	EndGlobalSection
	GlobalSection(SolutionProperties) = preSolution
		HideSolutionNode = FALSE
	EndGlobalSection
EndGlobal
