
Microsoft Visual Studio Solution File, Format Version 12.00
# Visual Studio 14
VisualStudioVersion = 14.0.25420.1
MinimumVisualStudioVersion = 10.0.40219.1
Project("{159641D6-6404-4A2A-AE62-294DE0FE8301}") = "Clever", "Clever\Clever.dtproj", "{CCF08109-28EE-4F1A-BFB4-FF40D6DCA79D}"
EndProject
Global
	GlobalSection(SolutionConfigurationPlatforms) = preSolution
		Development|Default = Development|Default
	EndGlobalSection
	GlobalSection(ProjectConfigurationPlatforms) = postSolution
		{CCF08109-28EE-4F1A-BFB4-FF40D6DCA79D}.Development|Default.ActiveCfg = Development
		{CCF08109-28EE-4F1A-BFB4-FF40D6DCA79D}.Development|Default.Build.0 = Development
	EndGlobalSection
	GlobalSection(SolutionProperties) = preSolution
		HideSolutionNode = FALSE
	EndGlobalSection
EndGlobal
