
Microsoft Visual Studio Solution File, Format Version 11.00
# Visual Studio 2010
Project("{159641D6-6404-4A2A-AE62-294DE0FE8301}") = "Schoolpay Compare", "Schoolpay Compare\Schoolpay Compare.dtproj", "{0C8204F8-0352-4DB0-87E7-E625E82DCC77}"
EndProject
Global
	GlobalSection(SolutionConfigurationPlatforms) = preSolution
		Development|Default = Development|Default
	EndGlobalSection
	GlobalSection(ProjectConfigurationPlatforms) = postSolution
		{0C8204F8-0352-4DB0-87E7-E625E82DCC77}.Development|Default.ActiveCfg = Development
		{0C8204F8-0352-4DB0-87E7-E625E82DCC77}.Development|Default.Build.0 = Development
	EndGlobalSection
	GlobalSection(SolutionProperties) = preSolution
		HideSolutionNode = FALSE
	EndGlobalSection
EndGlobal
