
Microsoft Visual Studio Solution File, Format Version 11.00
# Visual Studio 2010
Project("{159641D6-6404-4A2A-AE62-294DE0FE8301}") = "Update Retained Students", "Update Retained Students\Update Retained Students.dtproj", "{B812FADB-1BF1-493B-B0E3-FFD653C8EAA4}"
EndProject
Global
	GlobalSection(SolutionConfigurationPlatforms) = preSolution
		Development|Default = Development|Default
	EndGlobalSection
	GlobalSection(ProjectConfigurationPlatforms) = postSolution
		{B812FADB-1BF1-493B-B0E3-FFD653C8EAA4}.Development|Default.ActiveCfg = Development
		{B812FADB-1BF1-493B-B0E3-FFD653C8EAA4}.Development|Default.Build.0 = Development
	EndGlobalSection
	GlobalSection(SolutionProperties) = preSolution
		HideSolutionNode = FALSE
	EndGlobalSection
EndGlobal
