
Microsoft Visual Studio Solution File, Format Version 12.00
# Visual Studio 14
VisualStudioVersion = 14.0.25420.1
MinimumVisualStudioVersion = 10.0.40219.1
Project("{159641D6-6404-4A2A-AE62-294DE0FE8301}") = "APS - IMPORT LICENSURE REVISED", "APS - IMPORT LICENSURE REVISED\APS - IMPORT LICENSURE REVISED.dtproj", "{56462D77-DD75-45EA-8274-6AB9AFBAAFFF}"
EndProject
Global
	GlobalSection(SolutionConfigurationPlatforms) = preSolution
		Development|Default = Development|Default
	EndGlobalSection
	GlobalSection(ProjectConfigurationPlatforms) = postSolution
		{56462D77-DD75-45EA-8274-6AB9AFBAAFFF}.Development|Default.ActiveCfg = Development
		{56462D77-DD75-45EA-8274-6AB9AFBAAFFF}.Development|Default.Build.0 = Development
	EndGlobalSection
	GlobalSection(SolutionProperties) = preSolution
		HideSolutionNode = FALSE
	EndGlobalSection
EndGlobal
