
Microsoft Visual Studio Solution File, Format Version 11.00
# Visual Studio 2010
Project("{159641D6-6404-4A2A-AE62-294DE0FE8301}") = "Clever", "Clever\Clever.dtproj", "{5B6983F9-2AD1-43CC-8552-F9028B4ED884}"
EndProject
Global
	GlobalSection(SolutionConfigurationPlatforms) = preSolution
		Development|Default = Development|Default
	EndGlobalSection
	GlobalSection(ProjectConfigurationPlatforms) = postSolution
		{5B6983F9-2AD1-43CC-8552-F9028B4ED884}.Development|Default.ActiveCfg = Development
		{5B6983F9-2AD1-43CC-8552-F9028B4ED884}.Development|Default.Build.0 = Development
	EndGlobalSection
	GlobalSection(SolutionProperties) = preSolution
		HideSolutionNode = FALSE
	EndGlobalSection
EndGlobal
