
Microsoft Visual Studio Solution File, Format Version 12.00
# Visual Studio 14
VisualStudioVersion = 14.0.25420.1
MinimumVisualStudioVersion = 10.0.40219.1
Project("{159641D6-6404-4A2A-AE62-294DE0FE8301}") = "SCHOOL PAY IMPORT REVISED", "SCHOOL PAY IMPORT REVISED\SCHOOL PAY IMPORT REVISED.dtproj", "{1C35D7E7-DFFF-4EAA-A51A-BC80B0EB4992}"
EndProject
Global
	GlobalSection(SolutionConfigurationPlatforms) = preSolution
		Development|Default = Development|Default
	EndGlobalSection
	GlobalSection(ProjectConfigurationPlatforms) = postSolution
		{1C35D7E7-DFFF-4EAA-A51A-BC80B0EB4992}.Development|Default.ActiveCfg = Development
		{1C35D7E7-DFFF-4EAA-A51A-BC80B0EB4992}.Development|Default.Build.0 = Development
	EndGlobalSection
	GlobalSection(SolutionProperties) = preSolution
		HideSolutionNode = FALSE
	EndGlobalSection
EndGlobal
