
Microsoft Visual Studio Solution File, Format Version 11.00
# Visual Studio 2010
Project("{159641D6-6404-4A2A-AE62-294DE0FE8301}") = "APS - System - Shrink TempDB", "APS - System - Shrink TempDB\APS - System - Shrink TempDB.dtproj", "{C0DB8DCF-077E-4FF2-BA47-77AF5DFFCC02}"
EndProject
Global
	GlobalSection(SolutionConfigurationPlatforms) = preSolution
		Development|Default = Development|Default
	EndGlobalSection
	GlobalSection(ProjectConfigurationPlatforms) = postSolution
		{C0DB8DCF-077E-4FF2-BA47-77AF5DFFCC02}.Development|Default.ActiveCfg = Development
		{C0DB8DCF-077E-4FF2-BA47-77AF5DFFCC02}.Development|Default.Build.0 = Development
	EndGlobalSection
	GlobalSection(SolutionProperties) = preSolution
		HideSolutionNode = FALSE
	EndGlobalSection
EndGlobal
