
Microsoft Visual Studio Solution File, Format Version 11.00
# Visual Studio 2010
Project("{159641D6-6404-4A2A-AE62-294DE0FE8301}") = "Missing State ID", "Missing State ID\Missing State ID.dtproj", "{0CE8F29C-5E98-4C88-972F-9281B839346E}"
EndProject
Global
	GlobalSection(SolutionConfigurationPlatforms) = preSolution
		Development|Default = Development|Default
	EndGlobalSection
	GlobalSection(ProjectConfigurationPlatforms) = postSolution
		{0CE8F29C-5E98-4C88-972F-9281B839346E}.Development|Default.ActiveCfg = Development
		{0CE8F29C-5E98-4C88-972F-9281B839346E}.Development|Default.Build.0 = Development
	EndGlobalSection
	GlobalSection(SolutionProperties) = preSolution
		HideSolutionNode = FALSE
	EndGlobalSection
EndGlobal
