
Microsoft Visual Studio Solution File, Format Version 11.00
# Visual Studio 2010
Project("{159641D6-6404-4A2A-AE62-294DE0FE8301}") = "ST_MATH_CLASS_LIST", "ST_MATH_CLASS_LIST\ST_MATH_CLASS_LIST.dtproj", "{DBD54218-E2B3-45F8-8B6F-CEE0C8306E6C}"
EndProject
Global
	GlobalSection(SolutionConfigurationPlatforms) = preSolution
		Development|Default = Development|Default
	EndGlobalSection
	GlobalSection(ProjectConfigurationPlatforms) = postSolution
		{DBD54218-E2B3-45F8-8B6F-CEE0C8306E6C}.Development|Default.ActiveCfg = Development
		{DBD54218-E2B3-45F8-8B6F-CEE0C8306E6C}.Development|Default.Build.0 = Development
	EndGlobalSection
	GlobalSection(SolutionProperties) = preSolution
		HideSolutionNode = FALSE
	EndGlobalSection
EndGlobal
