
Microsoft Visual Studio Solution File, Format Version 11.00
# Visual Studio 2010
Project("{159641D6-6404-4A2A-AE62-294DE0FE8301}") = "Missing State ID", "Missing State ID\Missing State ID.dtproj", "{CDEF9F87-15D5-45A6-A20B-BAAD102A4606}"
EndProject
Global
	GlobalSection(SolutionConfigurationPlatforms) = preSolution
		Development|Default = Development|Default
	EndGlobalSection
	GlobalSection(ProjectConfigurationPlatforms) = postSolution
		{CDEF9F87-15D5-45A6-A20B-BAAD102A4606}.Development|Default.ActiveCfg = Development
		{CDEF9F87-15D5-45A6-A20B-BAAD102A4606}.Development|Default.Build.0 = Development
	EndGlobalSection
	GlobalSection(SolutionProperties) = preSolution
		HideSolutionNode = FALSE
	EndGlobalSection
EndGlobal
