
Microsoft Visual Studio Solution File, Format Version 12.00
# Visual Studio 14
VisualStudioVersion = 14.0.25420.1
MinimumVisualStudioVersion = 10.0.40219.1
Project("{159641D6-6404-4A2A-AE62-294DE0FE8301}") = "CREATE ATTENDANCE TABLE", "CREATE ATTENDANCE TABLE\CREATE ATTENDANCE TABLE.dtproj", "{0A312704-9B04-4C91-AB1A-D78B64848A4E}"
EndProject
Global
	GlobalSection(SolutionConfigurationPlatforms) = preSolution
		Development|Default = Development|Default
	EndGlobalSection
	GlobalSection(ProjectConfigurationPlatforms) = postSolution
		{0A312704-9B04-4C91-AB1A-D78B64848A4E}.Development|Default.ActiveCfg = Development
		{0A312704-9B04-4C91-AB1A-D78B64848A4E}.Development|Default.Build.0 = Development
	EndGlobalSection
	GlobalSection(SolutionProperties) = preSolution
		HideSolutionNode = FALSE
	EndGlobalSection
EndGlobal
