
Microsoft Visual Studio Solution File, Format Version 12.00
# Visual Studio 14
VisualStudioVersion = 14.0.25420.1
MinimumVisualStudioVersion = 10.0.40219.1
Project("{159641D6-6404-4A2A-AE62-294DE0FE8301}") = "HAYES TIPWEB - ADJUSTMENT", "HAYES TIPWEB - ADJUSTMENT\HAYES TIPWEB - ADJUSTMENT.dtproj", "{60C97F6A-DE88-4001-8A4E-03E6B5255861}"
EndProject
Global
	GlobalSection(SolutionConfigurationPlatforms) = preSolution
		Development|Default = Development|Default
	EndGlobalSection
	GlobalSection(ProjectConfigurationPlatforms) = postSolution
		{60C97F6A-DE88-4001-8A4E-03E6B5255861}.Development|Default.ActiveCfg = Development
		{60C97F6A-DE88-4001-8A4E-03E6B5255861}.Development|Default.Build.0 = Development
	EndGlobalSection
	GlobalSection(SolutionProperties) = preSolution
		HideSolutionNode = FALSE
	EndGlobalSection
EndGlobal
