
Microsoft Visual Studio Solution File, Format Version 12.00
# Visual Studio 14
VisualStudioVersion = 14.0.25420.1
MinimumVisualStudioVersion = 10.0.40219.1
Project("{159641D6-6404-4A2A-AE62-294DE0FE8301}") = "APS IMPORT LICENSURE", "APS IMPORT LICENSURE\APS IMPORT LICENSURE.dtproj", "{86F8ED4B-9FB4-4E62-8732-DF7B05671355}"
EndProject
Global
	GlobalSection(SolutionConfigurationPlatforms) = preSolution
		Development|Default = Development|Default
	EndGlobalSection
	GlobalSection(ProjectConfigurationPlatforms) = postSolution
		{86F8ED4B-9FB4-4E62-8732-DF7B05671355}.Development|Default.ActiveCfg = Development
		{86F8ED4B-9FB4-4E62-8732-DF7B05671355}.Development|Default.Build.0 = Development
	EndGlobalSection
	GlobalSection(SolutionProperties) = preSolution
		HideSolutionNode = FALSE
	EndGlobalSection
EndGlobal
