
Microsoft Visual Studio Solution File, Format Version 11.00
# Visual Studio 2010
Project("{159641D6-6404-4A2A-AE62-294DE0FE8301}") = "SPED Technology", "SPED Technology\SPED Technology.dtproj", "{DBEE3A24-92B0-4B05-96E1-229B004D49F0}"
EndProject
Global
	GlobalSection(SolutionConfigurationPlatforms) = preSolution
		Development|Default = Development|Default
	EndGlobalSection
	GlobalSection(ProjectConfigurationPlatforms) = postSolution
		{DBEE3A24-92B0-4B05-96E1-229B004D49F0}.Development|Default.ActiveCfg = Development
		{DBEE3A24-92B0-4B05-96E1-229B004D49F0}.Development|Default.Build.0 = Development
	EndGlobalSection
	GlobalSection(SolutionProperties) = preSolution
		HideSolutionNode = FALSE
	EndGlobalSection
EndGlobal
